lockfileVersion: '9.0'

settings:
  autoInstallPeers: true
  excludeLinksFromLockfile: false

importers:

  .:
    dependencies:
      postal-mime:
        specifier: ^2.7.5
        version: 2.7.5

packages:

  postal-mime@2.7.5:
    resolution: {integrity: sha512-GNEXKvWFQnbgO5NlrGzVa0FmWzBZ24PersAWErttSg1Hjpf0ATxTwS5DOMGaOpTG6bUh5cTr7xi0jAD942wCJA==}

snapshots:

  postal-mime@2.7.5: {}
